
Microsoft Visual Studio Solution File, Format Version 12.00
# Visual Studio Version 17
VisualStudioVersion = 17.8.34330.188
MinimumVisualStudioVersion = 10.0.40219.1
Project("{9A19103F-16F7-4668-BE54-9A1E7A4F7556}") = "Geradovana.ScrapingService.Domain", "Geradovana.ScrapingService\Geradovana.ScrapingService.Domain.csproj", "{902B6063-65E0-4C8A-B503-71B6A80EC448}"
EndProject
Project("{2150E333-8FDC-42A3-9474-1A3956D46DE8}") = "src", "src", "{D3128C4F-2BD3-4AE8-8E4E-833A3F813B06}"
EndProject
Project("{9A19103F-16F7-4668-BE54-9A1E7A4F7556}") = "Geradovana.ScrapingService.Application", "Geradovana.ScrapingService.Application\Geradovana.ScrapingService.Application.csproj", "{7F73F2B9-4F18-43D3-A766-1ADCA71E879D}"
EndProject
Project("{9A19103F-16F7-4668-BE54-9A1E7A4F7556}") = "Geradovana.ScrapingService.Api", "Geradovana.ScrapingService.Api\Geradovana.ScrapingService.Api.csproj", "{4E36B7DA-597A-43A6-9D6C-0F2AAF86DB82}"
EndProject
Project("{9A19103F-16F7-4668-BE54-9A1E7A4F7556}") = "Geradovana.ScrapingService.Contracts", "Geradovana.ScrapingService.Contracts\Geradovana.ScrapingService.Contracts.csproj", "{BD4E3B4D-7BE5-40D4-BE81-1B1CDB004DDB}"
EndProject
Project("{9A19103F-16F7-4668-BE54-9A1E7A4F7556}") = "Geradovana.ScrapingService.Infrastructure", "Geradovana.ScrapingService.Infrastructure\Geradovana.ScrapingService.Infrastructure.csproj", "{6B03C9C9-8B16-4244-AFB4-76DCC9F8C70C}"
EndProject
Project("{54A90642-561A-4BB1-A94E-469ADEE60C69}") = "geradovana.scrapingservice.web", "Geradovana.ScrapingService.Web\geradovana.scrapingservice.web.esproj", "{A57F638D-21BA-48F4-AF14-CD38342F5C59}"
EndProject
Global
	GlobalSection(SolutionConfigurationPlatforms) = preSolution
		Debug|Any CPU = Debug|Any CPU
		Release|Any CPU = Release|Any CPU
	EndGlobalSection
	GlobalSection(ProjectConfigurationPlatforms) = postSolution
		{902B6063-65E0-4C8A-B503-71B6A80EC448}.Debug|Any CPU.ActiveCfg = Debug|Any CPU
		{902B6063-65E0-4C8A-B503-71B6A80EC448}.Debug|Any CPU.Build.0 = Debug|Any CPU
		{902B6063-65E0-4C8A-B503-71B6A80EC448}.Release|Any CPU.ActiveCfg = Release|Any CPU
		{902B6063-65E0-4C8A-B503-71B6A80EC448}.Release|Any CPU.Build.0 = Release|Any CPU
		{7F73F2B9-4F18-43D3-A766-1ADCA71E879D}.Debug|Any CPU.ActiveCfg = Debug|Any CPU
		{7F73F2B9-4F18-43D3-A766-1ADCA71E879D}.Debug|Any CPU.Build.0 = Debug|Any CPU
		{7F73F2B9-4F18-43D3-A766-1ADCA71E879D}.Release|Any CPU.ActiveCfg = Release|Any CPU
		{7F73F2B9-4F18-43D3-A766-1ADCA71E879D}.Release|Any CPU.Build.0 = Release|Any CPU
		{4E36B7DA-597A-43A6-9D6C-0F2AAF86DB82}.Debug|Any CPU.ActiveCfg = Debug|Any CPU
		{4E36B7DA-597A-43A6-9D6C-0F2AAF86DB82}.Debug|Any CPU.Build.0 = Debug|Any CPU
		{4E36B7DA-597A-43A6-9D6C-0F2AAF86DB82}.Release|Any CPU.ActiveCfg = Release|Any CPU
		{4E36B7DA-597A-43A6-9D6C-0F2AAF86DB82}.Release|Any CPU.Build.0 = Release|Any CPU
		{BD4E3B4D-7BE5-40D4-BE81-1B1CDB004DDB}.Debug|Any CPU.ActiveCfg = Debug|Any CPU
		{BD4E3B4D-7BE5-40D4-BE81-1B1CDB004DDB}.Debug|Any CPU.Build.0 = Debug|Any CPU
		{BD4E3B4D-7BE5-40D4-BE81-1B1CDB004DDB}.Release|Any CPU.ActiveCfg = Release|Any CPU
		{BD4E3B4D-7BE5-40D4-BE81-1B1CDB004DDB}.Release|Any CPU.Build.0 = Release|Any CPU
		{6B03C9C9-8B16-4244-AFB4-76DCC9F8C70C}.Debug|Any CPU.ActiveCfg = Debug|Any CPU
		{6B03C9C9-8B16-4244-AFB4-76DCC9F8C70C}.Debug|Any CPU.Build.0 = Debug|Any CPU
		{6B03C9C9-8B16-4244-AFB4-76DCC9F8C70C}.Release|Any CPU.ActiveCfg = Release|Any CPU
		{6B03C9C9-8B16-4244-AFB4-76DCC9F8C70C}.Release|Any CPU.Build.0 = Release|Any CPU
		{A57F638D-21BA-48F4-AF14-CD38342F5C59}.Debug|Any CPU.ActiveCfg = Debug|Any CPU
		{A57F638D-21BA-48F4-AF14-CD38342F5C59}.Debug|Any CPU.Build.0 = Debug|Any CPU
		{A57F638D-21BA-48F4-AF14-CD38342F5C59}.Debug|Any CPU.Deploy.0 = Debug|Any CPU
		{A57F638D-21BA-48F4-AF14-CD38342F5C59}.Release|Any CPU.ActiveCfg = Release|Any CPU
		{A57F638D-21BA-48F4-AF14-CD38342F5C59}.Release|Any CPU.Build.0 = Release|Any CPU
		{A57F638D-21BA-48F4-AF14-CD38342F5C59}.Release|Any CPU.Deploy.0 = Release|Any CPU
	EndGlobalSection
	GlobalSection(SolutionProperties) = preSolution
		HideSolutionNode = FALSE
	EndGlobalSection
	GlobalSection(NestedProjects) = preSolution
		{902B6063-65E0-4C8A-B503-71B6A80EC448} = {D3128C4F-2BD3-4AE8-8E4E-833A3F813B06}
		{7F73F2B9-4F18-43D3-A766-1ADCA71E879D} = {D3128C4F-2BD3-4AE8-8E4E-833A3F813B06}
		{4E36B7DA-597A-43A6-9D6C-0F2AAF86DB82} = {D3128C4F-2BD3-4AE8-8E4E-833A3F813B06}
		{BD4E3B4D-7BE5-40D4-BE81-1B1CDB004DDB} = {D3128C4F-2BD3-4AE8-8E4E-833A3F813B06}
		{6B03C9C9-8B16-4244-AFB4-76DCC9F8C70C} = {D3128C4F-2BD3-4AE8-8E4E-833A3F813B06}
		{A57F638D-21BA-48F4-AF14-CD38342F5C59} = {D3128C4F-2BD3-4AE8-8E4E-833A3F813B06}
	EndGlobalSection
	GlobalSection(ExtensibilityGlobals) = postSolution
		SolutionGuid = {F7E63219-22E0-4B8B-90EE-70EEE756C772}
	EndGlobalSection
EndGlobal
